
Microsoft Visual Studio Solution File, Format Version 12.00
# Visual Studio 14
VisualStudioVersion = 14.0.25420.1
MinimumVisualStudioVersion = 10.0.40219.1
Project("{FAE04EC0-301F-11D3-BF4B-00C04F79EFBC}") = "Hornet", "Hornet\Hornet.csproj", "{E05A753A-FEDD-4C2D-8DDF-8107D9E23243}"
EndProject
Project("{FAE04EC0-301F-11D3-BF4B-00C04F79EFBC}") = "Hornet.IO", "Hornet.IO\Hornet.IO.csproj", "{DCBCBC08-76A1-4B6D-9D8E-404D50E2A69A}"
EndProject
Project("{FAE04EC0-301F-11D3-BF4B-00C04F79EFBC}") = "Hornet.ViewModel", "Hornet.ViewModel\Hornet.ViewModel.csproj", "{A6AACB15-1B9A-4C35-9971-28D9C72BB610}"
EndProject
Global
	GlobalSection(SolutionConfigurationPlatforms) = preSolution
		Debug|Any CPU = Debug|Any CPU
		Release|Any CPU = Release|Any CPU
	EndGlobalSection
	GlobalSection(ProjectConfigurationPlatforms) = postSolution
		{E05A753A-FEDD-4C2D-8DDF-8107D9E23243}.Debug|Any CPU.ActiveCfg = Debug|Any CPU
		{E05A753A-FEDD-4C2D-8DDF-8107D9E23243}.Debug|Any CPU.Build.0 = Debug|Any CPU
		{E05A753A-FEDD-4C2D-8DDF-8107D9E23243}.Release|Any CPU.ActiveCfg = Release|Any CPU
		{E05A753A-FEDD-4C2D-8DDF-8107D9E23243}.Release|Any CPU.Build.0 = Release|Any CPU
		{DCBCBC08-76A1-4B6D-9D8E-404D50E2A69A}.Debug|Any CPU.ActiveCfg = Debug|Any CPU
		{DCBCBC08-76A1-4B6D-9D8E-404D50E2A69A}.Debug|Any CPU.Build.0 = Debug|Any CPU
		{DCBCBC08-76A1-4B6D-9D8E-404D50E2A69A}.Release|Any CPU.ActiveCfg = Release|Any CPU
		{DCBCBC08-76A1-4B6D-9D8E-404D50E2A69A}.Release|Any CPU.Build.0 = Release|Any CPU
		{A6AACB15-1B9A-4C35-9971-28D9C72BB610}.Debug|Any CPU.ActiveCfg = Debug|Any CPU
		{A6AACB15-1B9A-4C35-9971-28D9C72BB610}.Debug|Any CPU.Build.0 = Debug|Any CPU
		{A6AACB15-1B9A-4C35-9971-28D9C72BB610}.Release|Any CPU.ActiveCfg = Release|Any CPU
		{A6AACB15-1B9A-4C35-9971-28D9C72BB610}.Release|Any CPU.Build.0 = Release|Any CPU
	EndGlobalSection
	GlobalSection(SolutionProperties) = preSolution
		HideSolutionNode = FALSE
	EndGlobalSection
EndGlobal
